
Microsoft Visual Studio Solution File, Format Version 12.00
# Visual Studio Version 17
VisualStudioVersion = 17.5.33502.453
MinimumVisualStudioVersion = 10.0.40219.1
Project("{FAE04EC0-301F-11D3-BF4B-00C04F79EFBC}") = "BitrateCalculator", "BitrateCalculator\BitrateCalculator.csproj", "{C100B344-0C94-4BA8-849A-DFF68EF5ED60}"
EndProject
Global
	GlobalSection(SolutionConfigurationPlatforms) = preSolution
		Debug|Any CPU = Debug|Any CPU
		Release|Any CPU = Release|Any CPU
	EndGlobalSection
	GlobalSection(ProjectConfigurationPlatforms) = postSolution
		{C100B344-0C94-4BA8-849A-DFF68EF5ED60}.Debug|Any CPU.ActiveCfg = Debug|Any CPU
		{C100B344-0C94-4BA8-849A-DFF68EF5ED60}.Debug|Any CPU.Build.0 = Debug|Any CPU
		{C100B344-0C94-4BA8-849A-DFF68EF5ED60}.Release|Any CPU.ActiveCfg = Release|Any CPU
		{C100B344-0C94-4BA8-849A-DFF68EF5ED60}.Release|Any CPU.Build.0 = Release|Any CPU
	EndGlobalSection
	GlobalSection(SolutionProperties) = preSolution
		HideSolutionNode = FALSE
	EndGlobalSection
	GlobalSection(ExtensibilityGlobals) = postSolution
		SolutionGuid = {674B0C18-DEF8-4921-8BC5-E72512E795B6}
	EndGlobalSection
EndGlobal
